hash: 9ba776b4225175e58810e9858bcccb708841efbad037d5928dacd5f6a8a4e814
updated: 2017-01-03T15:43:32.785874859-05:00
imports:
- name: github.com/gorilla/context
  version: 08b5f424b9271eedf6f9f0ce86cb9396ed337a42
- name: github.com/gorilla/mux
  version: 757bef944d0f21880861c2dd9c871ca543023cba
- name: github.com/unrolled/render
  version: df76b7c9818cdcf458b4c81acbe29d093ff3080f
- name: github.com/urfave/negroni
  version: 869b186bb47dc211b46324e11173d59aca4902b8
testImports: []
